// !$*UTF8*$!
{
	archiveVersion = 1;
	classes = {
	};
	objectVersion = 56;
	objects = {

/* Begin PBXBuildFile section */
		887B64E82BDCA78100F2B3AA /* AppDelegate.swift in Sources */ = {isa = PBXBuildFile; fileRef = 887B64E72BDCA78100F2B3AA /* AppDelegate.swift */; };
		887B64EA2BDCA78100F2B3AA /* SceneDelegate.swift in Sources */ = {isa = PBXBuildFile; fileRef = 887B64E92BDCA78100F2B3AA /* SceneDelegate.swift */; };
		887B64EC2BDCA78100F2B3AA /* ViewController.swift in Sources */ = {isa = PBXBuildFile; fileRef = 887B64EB2BDCA78100F2B3AA /* ViewController.swift */; };
		887B64EF2BDCA78100F2B3AA /* Main.storyboard in Resources */ = {isa = PBXBuildFile; fileRef = 887B64ED2BDCA78100F2B3AA /* Main.storyboard */; };
		887B64F12BDCA78300F2B3AA /* Assets.xcassets in Resources */ = {isa = PBXBuildFile; fileRef = 887B64F02BDCA78300F2B3AA /* Assets.xcassets */; };
		887B64F42BDCA78300F2B3AA /* LaunchScreen.storyboard in Resources */ = {isa = PBXBuildFile; fileRef = 887B64F22BDCA78300F2B3AA /* LaunchScreen.storyboard */; };
		CD5485CC4F0D3266C9657C52 /* Pods_m19_alamofire.framework in Frameworks */ = {isa = PBXBuildFile; fileRef = 5795BCC1A1EBD89FC6829D01 /* Pods_m19_alamofire.framework */; };
/* End PBXBuildFile section */

/* Begin PBXFileReference section */
		4DD87F662E33FD467AE28F9F /* Pods-m19_alamofire.debug.xcconfig */ = {isa = PBXFileReference; includeInIndex = 1; lastKnownFileType = text.xcconfig; name = "Pods-m19_alamofire.debug.xcconfig"; path = "Target Support Files/Pods-m19_alamofire/Pods-m19_alamofire.debug.xcconfig"; sourceTree = "<group>"; };
		5795BCC1A1EBD89FC6829D01 /* Pods_m19_alamofire.framework */ = {isa = PBXFileReference; explicitFileType = wrapper.framework; includeInIndex = 0; path = Pods_m19_alamofire.framework; sourceTree = BUILT_PRODUCTS_DIR; };
		887B64E42BDCA78100F2B3AA /* m19_alamofire.app */ = {isa = PBXFileReference; explicitFileType = wrapper.application; includeInIndex = 0; path = m19_alamofire.app; sourceTree = BUILT_PRODUCTS_DIR; };
		887B64E72BDCA78100F2B3AA /* AppDelegate.swift */ = {isa = PBXFileReference; lastKnownFileType = sourcecode.swift; path = AppDelegate.swift; sourceTree = "<group>"; };
		887B64E92BDCA78100F2B3AA /* SceneDelegate.swift */ = {isa = PBXFileReference; lastKnownFileType = sourcecode.swift; path = SceneDelegate.swift; sourceTree = "<group>"; };
		887B64EB2BDCA78100F2B3AA /* ViewController.swift */ = {isa = PBXFileReference; lastKnownFileType = sourcecode.swift; path = ViewController.swift; sourceTree = "<group>"; };
		887B64EE2BDCA78100F2B3AA /* Base */ = {isa = PBXFileReference; lastKnownFileType = file.storyboard; name = Base; path = Base.lproj/Main.storyboard; sourceTree = "<group>"; };
		887B64F02BDCA78300F2B3AA /* Assets.xcassets */ = {isa = PBXFileReference; lastKnownFileType = folder.assetcatalog; path = Assets.xcassets; sourceTree = "<group>"; };
		887B64F32BDCA78300F2B3AA /* Base */ = {isa = PBXFileReference; lastKnownFileType = file.storyboard; name = Base; path = Base.lproj/LaunchScreen.storyboard; sourceTree = "<group>"; };
		887B64F52BDCA78300F2B3AA /* Info.plist */ = {isa = PBXFileReference; lastKnownFileType = text.plist.xml; path = Info.plist; sourceTree = "<group>"; };
		8EFA12EC1C8751D8087F6407 /* Pods-m19_alamofire.release.xcconfig */ = {isa = PBXFileReference; includeInIndex = 1; lastKnownFileType = text.xcconfig; name = "Pods-m19_alamofire.release.xcconfig"; path = "Target Support Files/Pods-m19_alamofire/Pods-m19_alamofire.release.xcconfig"; sourceTree = "<group>"; };
/* End PBXFileReference section */

/* Begin PBXFrameworksBuildPhase section */
		887B64E12BDCA78100F2B3AA /* Frameworks */ = {
			isa = PBXFrameworksBuildPhase;
			buildActionMask = 2147483647;
			files = (
				CD5485CC4F0D3266C9657C52 /* Pods_m19_alamofire.framework in Frameworks */,
			);
			runOnlyForDeploymentPostprocessing = 0;
		};
/* End PBXFrameworksBuildPhase section */

/* Begin PBXGroup section */
		070FB1B28BE659B665EBF2AA /* Pods */ = {
			isa = PBXGroup;
			children = (
				4DD87F662E33FD467AE28F9F /* Pods-m19_alamofire.debug.xcconfig */,
				8EFA12EC1C8751D8087F6407 /* Pods-m19_alamofire.release.xcconfig */,
			);
			name = Pods;
			path = Pods;
			sourceTree = "<group>";
		};
		887B64DB2BDCA78100F2B3AA = {
			isa = PBXGroup;
			children = (
				887B64E62BDCA78100F2B3AA /* m19_alamofire */,
				887B64E52BDCA78100F2B3AA /* Products */,
				070FB1B28BE659B665EBF2AA /* Pods */,
				ED5980521515BAEE91396C6A /* Frameworks */,
			);
			sourceTree = "<group>";
		};
		887B64E52BDCA78100F2B3AA /* Products */ = {
			isa = PBXGroup;
			children = (
				887B64E42BDCA78100F2B3AA /* m19_alamofire.app */,
			);
			name = Products;
			sourceTree = "<group>";
		};
		887B64E62BDCA78100F2B3AA /* m19_alamofire */ = {
			isa = PBXGroup;
			children = (
				887B64E72BDCA78100F2B3AA /* AppDelegate.swift */,
				887B64E92BDCA78100F2B3AA /* SceneDelegate.swift */,
				887B64EB2BDCA78100F2B3AA /* ViewController.swift */,
				887B64ED2BDCA78100F2B3AA /* Main.storyboard */,
				887B64F02BDCA78300F2B3AA /* Assets.xcassets */,
				887B64F22BDCA78300F2B3AA /* LaunchScreen.storyboard */,
				887B64F52BDCA78300F2B3AA /* Info.plist */,
			);
			path = m19_alamofire;
			sourceTree = "<group>";
		};
		ED5980521515BAEE91396C6A /* Frameworks */ = {
			isa = PBXGroup;
			children = (
				5795BCC1A1EBD89FC6829D01 /* Pods_m19_alamofire.framework */,
			);
			name = Frameworks;
			sourceTree = "<group>";
		};
/* End PBXGroup section */

/* Begin PBXNativeTarget section */
		887B64E32BDCA78100F2B3AA /* m19_alamofire */ = {
			isa = PBXNativeTarget;
			buildConfigurationList = 887B64F82BDCA78300F2B3AA /* Build configuration list for PBXNativeTarget "m19_alamofire" */;
			buildPhases = (
				972A9678756C8FFF4304A4B4 /* [CP] Check Pods Manifest.lock */,
				887B64E02BDCA78100F2B3AA /* Sources */,
				887B64E12BDCA78100F2B3AA /* Frameworks */,
				887B64E22BDCA78100F2B3AA /* Resources */,
				16861407C90227CDBA9E9E40 /* [CP] Embed Pods Frameworks */,
			);
			buildRules = (
			);
			dependencies = (
			);
			name = m19_alamofire;
			productName = m19_alamofire;
			productReference = 887B64E42BDCA78100F2B3AA /* m19_alamofire.app */;
			productType = "com.apple.product-type.application";
		};
/* End PBXNativeTarget section */

/* Begin PBXProject section */
		887B64DC2BDCA78100F2B3AA /* Project object */ = {
			isa = PBXProject;
			attributes = {
				BuildIndependentTargetsInParallel = 1;
				LastSwiftUpdateCheck = 1520;
				LastUpgradeCheck = 1520;
				TargetAttributes = {
					887B64E32BDCA78100F2B3AA = {
						CreatedOnToolsVersion = 15.2;
					};
				};
			};
			buildConfigurationList = 887B64DF2BDCA78100F2B3AA /* Build configuration list for PBXProject "m19_alamofire" */;
			compatibilityVersion = "Xcode 14.0";
			developmentRegion = en;
			hasScannedForEncodings = 0;
			knownRegions = (
				en,
				Base,
			);
			mainGroup = 887B64DB2BDCA78100F2B3AA;
			productRefGroup = 887B64E52BDCA78100F2B3AA /* Products */;
			projectDirPath = "";
			projectRoot = "";
			targets = (
				887B64E32BDCA78100F2B3AA /* m19_alamofire */,
			);
		};
/* End PBXProject section */

/* Begin PBXResourcesBuildPhase section */
		887B64E22BDCA78100F2B3AA /* Resources */ = {
			isa = PBXResourcesBuildPhase;
			buildActionMask = 2147483647;
			files = (
				887B64F42BDCA78300F2B3AA /* LaunchScreen.storyboard in Resources */,
				887B64F12BDCA78300F2B3AA /* Assets.xcassets in Resources */,
				887B64EF2BDCA78100F2B3AA /* Main.storyboard in Resources */,
			);
			runOnlyForDeploymentPostprocessing = 0;
		};
/* End PBXResourcesBuildPhase section */

/* Begin PBXShellScriptBuildPhase section */
		16861407C90227CDBA9E9E40 /* [CP] Embed Pods Frameworks */ = {
			isa = PBXShellScriptBuildPhase;
			buildActionMask = 2147483647;
			files = (
			);
			inputFileListPaths = (
				"${PODS_ROOT}/Target Support Files/Pods-m19_alamofire/Pods-m19_alamofire-frameworks-${CONFIGURATION}-input-files.xcfilelist",
			);
			name = "[CP] Embed Pods Frameworks";
			outputFileListPaths = (
				"${PODS_ROOT}/Target Support Files/Pods-m19_alamofire/Pods-m19_alamofire-frameworks-${CONFIGURATION}-output-files.xcfilelist",
			);
			runOnlyForDeploymentPostprocessing = 0;
			shellPath = /bin/sh;
			shellScript = "\"${PODS_ROOT}/Target Support Files/Pods-m19_alamofire/Pods-m19_alamofire-frameworks.sh\"\n";
			showEnvVarsInLog = 0;
		};
		972A9678756C8FFF4304A4B4 /* [CP] Check Pods Manifest.lock */ = {
			isa = PBXShellScriptBuildPhase;
			buildActionMask = 2147483647;
			files = (
			);
			inputFileListPaths = (
			);
			inputPaths = (
				"${PODS_PODFILE_DIR_PATH}/Podfile.lock",
				"${PODS_ROOT}/Manifest.lock",
			);
			name = "[CP] Check Pods Manifest.lock";
			outputFileListPaths = (
			);
			outputPaths = (
				"$(DERIVED_FILE_DIR)/Pods-m19_alamofire-checkManifestLockResult.txt",
			);
			runOnlyForDeploymentPostprocessing = 0;
			shellPath = /bin/sh;
			shellScript = "diff \"${PODS_PODFILE_DIR_PATH}/Podfile.lock\" \"${PODS_ROOT}/Manifest.lock\" > /dev/null\nif [ $? != 0 ] ; then\n    # print error to STDERR\n    echo \"error: The sandbox is not in sync with the Podfile.lock. Run 'pod install' or update your CocoaPods installation.\" >&2\n    exit 1\nfi\n# This output is used by Xcode 'outputs' to avoid re-running this script phase.\necho \"SUCCESS\" > \"${SCRIPT_OUTPUT_FILE_0}\"\n";
			showEnvVarsInLog = 0;
		};
/* End PBXShellScriptBuildPhase section */

/* Begin PBXSourcesBuildPhase section */
		887B64E02BDCA78100F2B3AA /* Sources */ = {
			isa = PBXSourcesBuildPhase;
			buildActionMask = 2147483647;
			files = (
				887B64EC2BDCA78100F2B3AA /* ViewController.swift in Sources */,
				887B64E82BDCA78100F2B3AA /* AppDelegate.swift in Sources */,
				887B64EA2BDCA78100F2B3AA /* SceneDelegate.swift in Sources */,
			);
			runOnlyForDeploymentPostprocessing = 0;
		};
/* End PBXSourcesBuildPhase section */

/* Begin PBXVariantGroup section */
		887B64ED2BDCA78100F2B3AA /* Main.storyboard */ = {
			isa = PBXVariantGroup;
			children = (
				887B64EE2BDCA78100F2B3AA /* Base */,
			);
			name = Main.storyboard;
			sourceTree = "<group>";
		};
		887B64F22BDCA78300F2B3AA /* LaunchScreen.storyboard */ = {
			isa = PBXVariantGroup;
			children = (
				887B64F32BDCA78300F2B3AA /* Base */,
			);
			name = LaunchScreen.storyboard;
			sourceTree = "<group>";
		};
/* End PBXVariantGroup section */

/* Begin XCBuildConfiguration section */
		887B64F62BDCA78300F2B3AA /* Debug */ = {
			isa = XCBuildConfiguration;
			buildSettings = {
				ALWAYS_SEARCH_USER_PATHS = NO;
				ASSETCATALOG_COMPILER_GENERATE_SWIFT_ASSET_SYMBOL_EXTENSIONS = YES;
				CLANG_ANALYZER_NONNULL = YES;
				CLANG_ANALYZER_NUMBER_OBJECT_CONVERSION = YES_AGGRESSIVE;
				CLANG_CXX_LANGUAGE_STANDARD = "gnu++20";
				CLANG_ENABLE_MODULES = YES;
				CLANG_ENABLE_OBJC_ARC = YES;
				CLANG_ENABLE_OBJC_WEAK = YES;
				CLANG_WARN_BLOCK_CAPTURE_AUTORELEASING = YES;
				CLANG_WARN_BOOL_CONVERSION = YES;
				CLANG_WARN_COMMA = YES;
				CLANG_WARN_CONSTANT_CONVERSION = YES;
				CLANG_WARN_DEPRECATED_OBJC_IMPLEMENTATIONS = YES;
				CLANG_WARN_DIRECT_OBJC_ISA_USAGE = YES_ERROR;
				CLANG_WARN_DOCUMENTATION_COMMENTS = YES;
				CLANG_WARN_EMPTY_BODY = YES;
				CLANG_WARN_ENUM_CONVERSION = YES;
				CLANG_WARN_INFINITE_RECURSION = YES;
				CLANG_WARN_INT_CONVERSION = YES;
				CLANG_WARN_NON_LITERAL_NULL_CONVERSION = YES;
				CLANG_WARN_OBJC_IMPLICIT_RETAIN_SELF = YES;
				CLANG_WARN_OBJC_LITERAL_CONVERSION = YES;
				CLANG_WARN_OBJC_ROOT_CLASS = YES_ERROR;
				CLANG_WARN_QUOTED_INCLUDE_IN_FRAMEWORK_HEADER = YES;
				CLANG_WARN_RANGE_LOOP_ANALYSIS = YES;
				CLANG_WARN_STRICT_PROTOTYPES = YES;
				CLANG_WARN_SUSPICIOUS_MOVE = YES;
				CLANG_WARN_UNGUARDED_AVAILABILITY = YES_AGGRESSIVE;
				CLANG_WARN_UNREACHABLE_CODE = YES;
				CLANG_WARN__DUPLICATE_METHOD_MATCH = YES;
				COPY_PHASE_STRIP = NO;
				DEBUG_INFORMATION_FORMAT = dwarf;
				ENABLE_STRICT_OBJC_MSGSEND = YES;
				ENABLE_TESTABILITY = YES;
				ENABLE_USER_SCRIPT_SANDBOXING = YES;
				GCC_C_LANGUAGE_STANDARD = gnu17;
				GCC_DYNAMIC_NO_PIC = NO;
				GCC_NO_COMMON_BLOCKS = YES;
				GCC_OPTIMIZATION_LEVEL = 0;
				GCC_PREPROCESSOR_DEFINITIONS = (
					"DEBUG=1",
					"$(inherited)",
				);
				GCC_WARN_64_TO_32_BIT_CONVERSION = YES;
				GCC_WARN_ABOUT_RETURN_TYPE = YES_ERROR;
				GCC_WARN_UNDECLARED_SELECTOR = YES;
				GCC_WARN_UNINITIALIZED_AUTOS = YES_AGGRESSIVE;
				GCC_WARN_UNUSED_FUNCTION = YES;
				GCC_WARN_UNUSED_VARIABLE = YES;
				IPHONEOS_DEPLOYMENT_TARGET = 17.2;
				LOCALIZATION_PREFERS_STRING_CATALOGS = YES;
				MTL_ENABLE_DEBUG_INFO = INCLUDE_SOURCE;
				MTL_FAST_MATH = YES;
				ONLY_ACTIVE_ARCH = YES;
				SDKROOT = iphoneos;
				SWIFT_ACTIVE_COMPILATION_CONDITIONS = "DEBUG $(inherited)";
				SWIFT_OPTIMIZATION_LEVEL = "-Onone";
			};
			name = Debug;
		};
		887B64F72BDCA78300F2B3AA /* Release */ = {
			isa = XCBuildConfiguration;
			buildSettings = {
				ALWAYS_SEARCH_USER_PATHS = NO;
				ASSETCATALOG_COMPILER_GENERATE_SWIFT_ASSET_SYMBOL_EXTENSIONS = YES;
				CLANG_ANALYZER_NONNULL = YES;
				CLANG_ANALYZER_NUMBER_OBJECT_CONVERSION = YES_AGGRESSIVE;
				CLANG_CXX_LANGUAGE_STANDARD = "gnu++20";
				CLANG_ENABLE_MODULES = YES;
				CLANG_ENABLE_OBJC_ARC = YES;
				CLANG_ENABLE_OBJC_WEAK = YES;
				CLANG_WARN_BLOCK_CAPTURE_AUTORELEASING = YES;
				CLANG_WARN_BOOL_CONVERSION = YES;
				CLANG_WARN_COMMA = YES;
				CLANG_WARN_CONSTANT_CONVERSION = YES;
				CLANG_WARN_DEPRECATED_OBJC_IMPLEMENTATIONS = YES;
				CLANG_WARN_DIRECT_OBJC_ISA_USAGE = YES_ERROR;
				CLANG_WARN_DOCUMENTATION_COMMENTS = YES;
				CLANG_WARN_EMPTY_BODY = YES;
				CLANG_WARN_ENUM_CONVERSION = YES;
				CLANG_WARN_INFINITE_RECURSION = YES;
				CLANG_WARN_INT_CONVERSION = YES;
				CLANG_WARN_NON_LITERAL_NULL_CONVERSION = YES;
				CLANG_WARN_OBJC_IMPLICIT_RETAIN_SELF = YES;
				CLANG_WARN_OBJC_LITERAL_CONVERSION = YES;
				CLANG_WARN_OBJC_ROOT_CLASS = YES_ERROR;
				CLANG_WARN_QUOTED_INCLUDE_IN_FRAMEWORK_HEADER = YES;
				CLANG_WARN_RANGE_LOOP_ANALYSIS = YES;
				CLANG_WARN_STRICT_PROTOTYPES = YES;
				CLANG_WARN_SUSPICIOUS_MOVE = YES;
				CLANG_WARN_UNGUARDED_AVAILABILITY = YES_AGGRESSIVE;
				CLANG_WARN_UNREACHABLE_CODE = YES;
				CLANG_WARN__DUPLICATE_METHOD_MATCH = YES;
				COPY_PHASE_STRIP = NO;
				DEBUG_INFORMATION_FORMAT = "dwarf-with-dsym";
				ENABLE_NS_ASSERTIONS = NO;
				ENABLE_STRICT_OBJC_MSGSEND = YES;
				ENABLE_USER_SCRIPT_SANDBOXING = YES;
				GCC_C_LANGUAGE_STANDARD = gnu17;
				GCC_NO_COMMON_BLOCKS = YES;
				GCC_WARN_64_TO_32_BIT_CONVERSION = YES;
				GCC_WARN_ABOUT_RETURN_TYPE = YES_ERROR;
				GCC_WARN_UNDECLARED_SELECTOR = YES;
				GCC_WARN_UNINITIALIZED_AUTOS = YES_AGGRESSIVE;
				GCC_WARN_UNUSED_FUNCTION = YES;
				GCC_WARN_UNUSED_VARIABLE = YES;
				IPHONEOS_DEPLOYMENT_TARGET = 17.2;
				LOCALIZATION_PREFERS_STRING_CATALOGS = YES;
				MTL_ENABLE_DEBUG_INFO = NO;
				MTL_FAST_MATH = YES;
				SDKROOT = iphoneos;
				SWIFT_COMPILATION_MODE = wholemodule;
				VALIDATE_PRODUCT = YES;
			};
			name = Release;
		};
		887B64F92BDCA78300F2B3AA /* Debug */ = {
			isa = XCBuildConfiguration;
			baseConfigurationReference = 4DD87F662E33FD467AE28F9F /* Pods-m19_alamofire.debug.xcconfig */;
			buildSettings = {
				ASSETCATALOG_COMPILER_APPICON_NAME = AppIcon;
				ASSETCATALOG_COMPILER_GLOBAL_ACCENT_COLOR_NAME = AccentColor;
				CODE_SIGN_STYLE = Automatic;
				CURRENT_PROJECT_VERSION = 1;
				GENERATE_INFOPLIST_FILE = YES;
				INFOPLIST_FILE = m19_alamofire/Info.plist;
				INFOPLIST_KEY_UIApplicationSupportsIndirectInputEvents = YES;
				INFOPLIST_KEY_UILaunchStoryboardName = LaunchScreen;
				INFOPLIST_KEY_UIMainStoryboardFile = Main;
				INFOPLIST_KEY_UISupportedInterfaceOrientations_iPad = "UIInterfaceOrientationPortrait UIInterfaceOrientationPortraitUpsideDown UIInterfaceOrientationLandscapeLeft UIInterfaceOrientationLandscapeRight";
				INFOPLIST_KEY_UISupportedInterfaceOrientations_iPhone = "UIInterfaceOrientationPortrait UIInterfaceOrientationLandscapeLeft UIInterfaceOrientationLandscapeRight";
				LD_RUNPATH_SEARCH_PATHS = (
					"$(inherited)",
					"@executable_path/Frameworks",
				);
				MARKETING_VERSION = 1.0;
				PRODUCT_BUNDLE_IDENTIFIER = "gnativ.m19-alamofire";
				PRODUCT_NAME = "$(TARGET_NAME)";
				SWIFT_EMIT_LOC_STRINGS = YES;
				SWIFT_VERSION = 5.0;
				TARGETED_DEVICE_FAMILY = "1,2";
			};
			name = Debug;
		};
		887B64FA2BDCA78300F2B3AA /* Release */ = {
			isa = XCBuildConfiguration;
			baseConfigurationReference = 8EFA12EC1C8751D8087F6407 /* Pods-m19_alamofire.release.xcconfig */;
			buildSettings = {
				ASSETCATALOG_COMPILER_APPICON_NAME = AppIcon;
				ASSETCATALOG_COMPILER_GLOBAL_ACCENT_COLOR_NAME = AccentColor;
				CODE_SIGN_STYLE = Automatic;
				CURRENT_PROJECT_VERSION = 1;
				GENERATE_INFOPLIST_FILE = YES;
				INFOPLIST_FILE = m19_alamofire/Info.plist;
				INFOPLIST_KEY_UIApplicationSupportsIndirectInputEvents = YES;
				INFOPLIST_KEY_UILaunchStoryboardName = LaunchScreen;
				INFOPLIST_KEY_UIMainStoryboardFile = Main;
				INFOPLIST_KEY_UISupportedInterfaceOrientations_iPad = "UIInterfaceOrientationPortrait UIInterfaceOrientationPortraitUpsideDown UIInterfaceOrientationLandscapeLeft UIInterfaceOrientationLandscapeRight";
				INFOPLIST_KEY_UISupportedInterfaceOrientations_iPhone = "UIInterfaceOrientationPortrait UIInterfaceOrientationLandscapeLeft UIInterfaceOrientationLandscapeRight";
				LD_RUNPATH_SEARCH_PATHS = (
					"$(inherited)",
					"@executable_path/Frameworks",
				);
				MARKETING_VERSION = 1.0;
				PRODUCT_BUNDLE_IDENTIFIER = "gnativ.m19-alamofire";
				PRODUCT_NAME = "$(TARGET_NAME)";
				SWIFT_EMIT_LOC_STRINGS = YES;
				SWIFT_VERSION = 5.0;
				TARGETED_DEVICE_FAMILY = "1,2";
			};
			name = Release;
		};
/* End XCBuildConfiguration section */

/* Begin XCConfigurationList section */
		887B64DF2BDCA78100F2B3AA /* Build configuration list for PBXProject "m19_alamofire" */ = {
			isa = XCConfigurationList;
			buildConfigurations = (
				887B64F62BDCA78300F2B3AA /* Debug */,
				887B64F72BDCA78300F2B3AA /* Release */,
			);
			defaultConfigurationIsVisible = 0;
			defaultConfigurationName = Release;
		};
		887B64F82BDCA78300F2B3AA /* Build configuration list for PBXNativeTarget "m19_alamofire" */ = {
			isa = XCConfigurationList;
			buildConfigurations = (
				887B64F92BDCA78300F2B3AA /* Debug */,
				887B64FA2BDCA78300F2B3AA /* Release */,
			);
			defaultConfigurationIsVisible = 0;
			defaultConfigurationName = Release;
		};
/* End XCConfigurationList section */
	};
	rootObject = 887B64DC2BDCA78100F2B3AA /* Project object */;
}
